
Microsoft Visual Studio Solution File, Format Version 12.00
# Visual Studio Version 17
VisualStudioVersion = 17.13.35919.96 d17.13
MinimumVisualStudioVersion = 10.0.40219.1
Project("{FAE04EC0-301F-11D3-BF4B-00C04F79EFBC}") = "WebAPI", "WebAPI\WebAPI.csproj", "{F55F4DF0-D2B7-4D24-90B8-C4B3E5D97CCE}"
EndProject
Project("{2150E333-8FDC-42A3-9474-1A3956D46DE8}") = "01 - Comun", "01 - Comun", "{02EA681E-C7D8-13C7-8484-4AC65E1B71E8}"
EndProject
Project("{2150E333-8FDC-42A3-9474-1A3956D46DE8}") = "02 - Modelo", "02 - Modelo", "{1EDA1699-B6C2-49D0-9017-E1ED5F4324D5}"
EndProject
Project("{2150E333-8FDC-42A3-9474-1A3956D46DE8}") = "03 - Acceso a Datos", "03 - Acceso a Datos", "{2B93608F-0C90-4991-9B5D-FBAC503727AE}"
EndProject
Project("{2150E333-8FDC-42A3-9474-1A3956D46DE8}") = "04 - Cliente Rest", "04 - Cliente Rest", "{C2B5FA70-8967-4894-B39B-510DB31729A1}"
EndProject
Project("{2150E333-8FDC-42A3-9474-1A3956D46DE8}") = "05 - Logica de Negocio", "05 - Logica de Negocio", "{ED8BADB5-56F5-4EAF-B581-361A02FF95D1}"
EndProject
Project("{2150E333-8FDC-42A3-9474-1A3956D46DE8}") = "06 - Web API", "06 - Web API", "{60559E94-A394-498B-B68A-E3ADBCDFF7C7}"
EndProject
Project("{FAE04EC0-301F-11D3-BF4B-00C04F79EFBC}") = "Comun", "Comun\Comun.csproj", "{56BA8C49-0B0A-4F19-8CF5-4EA19AC659C5}"
EndProject
Project("{FAE04EC0-301F-11D3-BF4B-00C04F79EFBC}") = "Modelo", "Modelo\Modelo.csproj", "{FAE82641-C9A2-4E7E-BBF1-D2E485AC2BE0}"
EndProject
Project("{FAE04EC0-301F-11D3-BF4B-00C04F79EFBC}") = "Datos", "Datos\Datos.csproj", "{13E248C0-34DA-48E0-8821-CC5996EA8046}"
EndProject
Project("{FAE04EC0-301F-11D3-BF4B-00C04F79EFBC}") = "Rest", "Rest\Rest.csproj", "{9CC1989E-D03B-4592-A4B6-B069C418C10A}"
EndProject
Project("{FAE04EC0-301F-11D3-BF4B-00C04F79EFBC}") = "Logica", "Logica\Logica.csproj", "{6A556201-04B7-48AE-A439-C50F1F867E81}"
EndProject
Global
	GlobalSection(SolutionConfigurationPlatforms) = preSolution
		Debug|Any CPU = Debug|Any CPU
		Release|Any CPU = Release|Any CPU
	EndGlobalSection
	GlobalSection(ProjectConfigurationPlatforms) = postSolution
		{F55F4DF0-D2B7-4D24-90B8-C4B3E5D97CCE}.Debug|Any CPU.ActiveCfg = Debug|Any CPU
		{F55F4DF0-D2B7-4D24-90B8-C4B3E5D97CCE}.Debug|Any CPU.Build.0 = Debug|Any CPU
		{F55F4DF0-D2B7-4D24-90B8-C4B3E5D97CCE}.Release|Any CPU.ActiveCfg = Release|Any CPU
		{F55F4DF0-D2B7-4D24-90B8-C4B3E5D97CCE}.Release|Any CPU.Build.0 = Release|Any CPU
		{56BA8C49-0B0A-4F19-8CF5-4EA19AC659C5}.Debug|Any CPU.ActiveCfg = Debug|Any CPU
		{56BA8C49-0B0A-4F19-8CF5-4EA19AC659C5}.Debug|Any CPU.Build.0 = Debug|Any CPU
		{56BA8C49-0B0A-4F19-8CF5-4EA19AC659C5}.Release|Any CPU.ActiveCfg = Release|Any CPU
		{56BA8C49-0B0A-4F19-8CF5-4EA19AC659C5}.Release|Any CPU.Build.0 = Release|Any CPU
		{FAE82641-C9A2-4E7E-BBF1-D2E485AC2BE0}.Debug|Any CPU.ActiveCfg = Debug|Any CPU
		{FAE82641-C9A2-4E7E-BBF1-D2E485AC2BE0}.Debug|Any CPU.Build.0 = Debug|Any CPU
		{FAE82641-C9A2-4E7E-BBF1-D2E485AC2BE0}.Release|Any CPU.ActiveCfg = Release|Any CPU
		{FAE82641-C9A2-4E7E-BBF1-D2E485AC2BE0}.Release|Any CPU.Build.0 = Release|Any CPU
		{13E248C0-34DA-48E0-8821-CC5996EA8046}.Debug|Any CPU.ActiveCfg = Debug|Any CPU
		{13E248C0-34DA-48E0-8821-CC5996EA8046}.Debug|Any CPU.Build.0 = Debug|Any CPU
		{13E248C0-34DA-48E0-8821-CC5996EA8046}.Release|Any CPU.ActiveCfg = Release|Any CPU
		{13E248C0-34DA-48E0-8821-CC5996EA8046}.Release|Any CPU.Build.0 = Release|Any CPU
		{9CC1989E-D03B-4592-A4B6-B069C418C10A}.Debug|Any CPU.ActiveCfg = Debug|Any CPU
		{9CC1989E-D03B-4592-A4B6-B069C418C10A}.Debug|Any CPU.Build.0 = Debug|Any CPU
		{9CC1989E-D03B-4592-A4B6-B069C418C10A}.Release|Any CPU.ActiveCfg = Release|Any CPU
		{9CC1989E-D03B-4592-A4B6-B069C418C10A}.Release|Any CPU.Build.0 = Release|Any CPU
		{6A556201-04B7-48AE-A439-C50F1F867E81}.Debug|Any CPU.ActiveCfg = Debug|Any CPU
		{6A556201-04B7-48AE-A439-C50F1F867E81}.Debug|Any CPU.Build.0 = Debug|Any CPU
		{6A556201-04B7-48AE-A439-C50F1F867E81}.Release|Any CPU.ActiveCfg = Release|Any CPU
		{6A556201-04B7-48AE-A439-C50F1F867E81}.Release|Any CPU.Build.0 = Release|Any CPU
	EndGlobalSection
	GlobalSection(SolutionProperties) = preSolution
		HideSolutionNode = FALSE
	EndGlobalSection
	GlobalSection(NestedProjects) = preSolution
		{F55F4DF0-D2B7-4D24-90B8-C4B3E5D97CCE} = {60559E94-A394-498B-B68A-E3ADBCDFF7C7}
		{56BA8C49-0B0A-4F19-8CF5-4EA19AC659C5} = {02EA681E-C7D8-13C7-8484-4AC65E1B71E8}
		{FAE82641-C9A2-4E7E-BBF1-D2E485AC2BE0} = {1EDA1699-B6C2-49D0-9017-E1ED5F4324D5}
		{13E248C0-34DA-48E0-8821-CC5996EA8046} = {2B93608F-0C90-4991-9B5D-FBAC503727AE}
		{9CC1989E-D03B-4592-A4B6-B069C418C10A} = {C2B5FA70-8967-4894-B39B-510DB31729A1}
		{6A556201-04B7-48AE-A439-C50F1F867E81} = {ED8BADB5-56F5-4EAF-B581-361A02FF95D1}
	EndGlobalSection
	GlobalSection(ExtensibilityGlobals) = postSolution
		SolutionGuid = {6EEC7CDD-ED33-4EDB-ADC6-8FA73A72B2E4}
	EndGlobalSection
EndGlobal
